{
    "version": 3,
    "terraform_version": "0.9.4",
    "serial": 4,
    "lineage": "1f912729-34d3-4d41-a37b-2cf9f52a4c60",
    "modules": [
        {
            "path": [
                "root"
            ],
            "outputs": {},
            "resources": {
                "vsphere_folder.frontend": {
                    "type": "vsphere_folder",
                    "depends_on": [],
                    "primary": {
                        "id": "Datacenter/support_services",
                        "attributes": {
                            "datacenter": "Datacenter",
                            "existing_path": "",
                            "id": "Datacenter/support_services",
                            "path": "support_services"
                        },
                        "meta": {},
                        "tainted": false
                    },
                    "deposed": [],
                    "provider": ""
                },
                "vsphere_virtual_machine.jenkins": {
                    "type": "vsphere_virtual_machine",
                    "depends_on": [
                        "vsphere_folder.frontend"
                    ],
                    "primary": {
                        "id": "support_services/jenkins",
                        "attributes": {
                            "cluster": "cluster",
                            "datacenter": "Datacenter",
                            "detach_unknown_disks_on_delete": "false",
                            "disk.#": "1",
                            "disk.2586588563.bootable": "false",
                            "disk.2586588563.controller_type": "scsi",
                            "disk.2586588563.datastore": "datastore1",
                            "disk.2586588563.iops": "0",
                            "disk.2586588563.keep_on_remove": "false",
                            "disk.2586588563.key": "0",
                            "disk.2586588563.name": "",
                            "disk.2586588563.size": "0",
                            "disk.2586588563.template": "UbuntuTmpl",
                            "disk.2586588563.type": "thin",
                            "disk.2586588563.uuid": "",
                            "disk.2586588563.vmdk": "",
                            "dns_servers.#": "1",
                            "dns_servers.0": "10.4.44.10",
                            "domain": "jenkins.pac.lab",
                            "enable_disk_uuid": "false",
                            "folder": "support_services",
                            "id": "support_services/jenkins",
                            "linked_clone": "false",
                            "memory": "2048",
                            "memory_reservation": "0",
                            "name": "jenkins",
                            "network_interface.#": "1",
                            "network_interface.0.adapter_type": "",
                            "network_interface.0.ip_address": "",
                            "network_interface.0.ipv4_address": "10.4.44.12",
                            "network_interface.0.ipv4_gateway": "10.4.44.1",
                            "network_interface.0.ipv4_prefix_length": "24",
                            "network_interface.0.ipv6_address": "fe80::250:56ff:feaf:520f",
                            "network_interface.0.ipv6_gateway": "",
                            "network_interface.0.ipv6_prefix_length": "64",
                            "network_interface.0.label": "VM Network",
                            "network_interface.0.mac_address": "00:50:56:af:52:0f",
                            "network_interface.0.subnet_mask": "",
                            "skip_customization": "false",
                            "time_zone": "Etc/UTC",
                            "uuid": "422f69e1-c09b-a03e-6e0c-d3cfd9196011",
                            "vcpu": "2"
                        },
                        "meta": {
                            "schema_version": "1"
                        },
                        "tainted": true
                    },
                    "deposed": [],
                    "provider": ""
                }
            },
            "depends_on": []
        }
    ]
}
